// !$*UTF8*$!
{
	archiveVersion = 1;
	classes = {
	};
	objectVersion = 46;
	objects = {

/* Begin PBXBuildFile section */
		0F25CCC81EF7CCC500B801BF /* main.m in Sources */ = {isa = PBXBuildFile; fileRef = 0F25CCC71EF7CCC500B801BF /* main.m */; };
		0F25CCCB1EF7CCC500B801BF /* AppDelegate.m in Sources */ = {isa = PBXBuildFile; fileRef = 0F25CCCA1EF7CCC500B801BF /* AppDelegate.m */; };
		0F25CCCE1EF7CCC500B801BF /* ViewController.m in Sources */ = {isa = PBXBuildFile; fileRef = 0F25CCCD1EF7CCC500B801BF /* ViewController.m */; };
		0F25CCD11EF7CCC500B801BF /* Main.storyboard in Resources */ = {isa = PBXBuildFile; fileRef = 0F25CCCF1EF7CCC500B801BF /* Main.storyboard */; };
		0F25CCD31EF7CCC500B801BF /* Assets.xcassets in Resources */ = {isa = PBXBuildFile; fileRef = 0F25CCD21EF7CCC500B801BF /* Assets.xcassets */; };
		0F25CCD61EF7CCC500B801BF /* LaunchScreen.storyboard in Resources */ = {isa = PBXBuildFile; fileRef = 0F25CCD41EF7CCC500B801BF /* LaunchScreen.storyboard */; };
/* End PBXBuildFile section */

/* Begin PBXFileReference section */
		0F25CCC31EF7CCC500B801BF /* ModuleJenkinsDemo.app */ = {isa = PBXFileReference; explicitFileType = wrapper.application; includeInIndex = 0; path = ModuleJenkinsDemo.app; sourceTree = BUILT_PRODUCTS_DIR; };
		0F25CCC71EF7CCC500B801BF /* main.m */ = {isa = PBXFileReference; lastKnownFileType = sourcecode.c.objc; path = main.m; sourceTree = "<group>"; };
		0F25CCC91EF7CCC500B801BF /* AppDelegate.h */ = {isa = PBXFileReference; lastKnownFileType = sourcecode.c.h; path = AppDelegate.h; sourceTree = "<group>"; };
		0F25CCCA1EF7CCC500B801BF /* AppDelegate.m */ = {isa = PBXFileReference; lastKnownFileType = sourcecode.c.objc; path = AppDelegate.m; sourceTree = "<group>"; };
		0F25CCCC1EF7CCC500B801BF /* ViewController.h */ = {isa = PBXFileReference; lastKnownFileType = sourcecode.c.h; path = ViewController.h; sourceTree = "<group>"; };
		0F25CCCD1EF7CCC500B801BF /* ViewController.m */ = {isa = PBXFileReference; lastKnownFileType = sourcecode.c.objc; path = ViewController.m; sourceTree = "<group>"; };
		0F25CCD01EF7CCC500B801BF /* Base */ = {isa = PBXFileReference; lastKnownFileType = file.storyboard; name = Base; path = Base.lproj/Main.storyboard; sourceTree = "<group>"; };
		0F25CCD21EF7CCC500B801BF /* Assets.xcassets */ = {isa = PBXFileReference; lastKnownFileType = folder.assetcatalog; path = Assets.xcassets; sourceTree = "<group>"; };
		0F25CCD51EF7CCC500B801BF /* Base */ = {isa = PBXFileReference; lastKnownFileType = file.storyboard; name = Base; path = Base.lproj/LaunchScreen.storyboard; sourceTree = "<group>"; };
		0F25CCD71EF7CCC500B801BF /* Info.plist */ = {isa = PBXFileReference; lastKnownFileType = text.plist.xml; path = Info.plist; sourceTree = "<group>"; };
/* End PBXFileReference section */

/* Begin PBXFrameworksBuildPhase section */
		0F25CCC01EF7CCC500B801BF /* Frameworks */ = {
			isa = PBXFrameworksBuildPhase;
			buildActionMask = 2147483647;
			files = (
			);
			runOnlyForDeploymentPostprocessing = 0;
		};
/* End PBXFrameworksBuildPhase section */

/* Begin PBXGroup section */
		0F25CCBA1EF7CCC500B801BF = {
			isa = PBXGroup;
			children = (
				0F25CCC51EF7CCC500B801BF /* ModuleJenkinsDemo */,
				0F25CCC41EF7CCC500B801BF /* Products */,
			);
			sourceTree = "<group>";
		};
		0F25CCC41EF7CCC500B801BF /* Products */ = {
			isa = PBXGroup;
			children = (
				0F25CCC31EF7CCC500B801BF /* ModuleJenkinsDemo.app */,
			);
			name = Products;
			sourceTree = "<group>";
		};
		0F25CCC51EF7CCC500B801BF /* ModuleJenkinsDemo */ = {
			isa = PBXGroup;
			children = (
				0F25CCC91EF7CCC500B801BF /* AppDelegate.h */,
				0F25CCCA1EF7CCC500B801BF /* AppDelegate.m */,
				0F25CCCC1EF7CCC500B801BF /* ViewController.h */,
				0F25CCCD1EF7CCC500B801BF /* ViewController.m */,
				0F25CCCF1EF7CCC500B801BF /* Main.storyboard */,
				0F25CCD21EF7CCC500B801BF /* Assets.xcassets */,
				0F25CCD41EF7CCC500B801BF /* LaunchScreen.storyboard */,
				0F25CCD71EF7CCC500B801BF /* Info.plist */,
				0F25CCC61EF7CCC500B801BF /* Supporting Files */,
			);
			path = ModuleJenkinsDemo;
			sourceTree = "<group>";
		};
		0F25CCC61EF7CCC500B801BF /* Supporting Files */ = {
			isa = PBXGroup;
			children = (
				0F25CCC71EF7CCC500B801BF /* main.m */,
			);
			name = "Supporting Files";
			sourceTree = "<group>";
		};
/* End PBXGroup section */

/* Begin PBXNativeTarget section */
		0F25CCC21EF7CCC500B801BF /* ModuleJenkinsDemo */ = {
			isa = PBXNativeTarget;
			buildConfigurationList = 0F25CCDA1EF7CCC500B801BF /* Build configuration list for PBXNativeTarget "ModuleJenkinsDemo" */;
			buildPhases = (
				0F25CCBF1EF7CCC500B801BF /* Sources */,
				0F25CCC01EF7CCC500B801BF /* Frameworks */,
				0F25CCC11EF7CCC500B801BF /* Resources */,
			);
			buildRules = (
			);
			dependencies = (
			);
			name = ModuleJenkinsDemo;
			productName = ModuleJenkinsDemo;
			productReference = 0F25CCC31EF7CCC500B801BF /* ModuleJenkinsDemo.app */;
			productType = "com.apple.product-type.application";
		};
/* End PBXNativeTarget section */

/* Begin PBXProject section */
		0F25CCBB1EF7CCC500B801BF /* Project object */ = {
			isa = PBXProject;
			attributes = {
				LastUpgradeCheck = 0820;
				ORGANIZATIONNAME = yangdd;
				TargetAttributes = {
					0F25CCC21EF7CCC500B801BF = {
						CreatedOnToolsVersion = 8.2.1;
						DevelopmentTeam = D9Y5V6R5LD;
						ProvisioningStyle = Automatic;
					};
				};
			};
			buildConfigurationList = 0F25CCBE1EF7CCC500B801BF /* Build configuration list for PBXProject "ModuleJenkinsDemo" */;
			compatibilityVersion = "Xcode 3.2";
			developmentRegion = English;
			hasScannedForEncodings = 0;
			knownRegions = (
				en,
				Base,
			);
			mainGroup = 0F25CCBA1EF7CCC500B801BF;
			productRefGroup = 0F25CCC41EF7CCC500B801BF /* Products */;
			projectDirPath = "";
			projectRoot = "";
			targets = (
				0F25CCC21EF7CCC500B801BF /* ModuleJenkinsDemo */,
			);
		};
/* End PBXProject section */

/* Begin PBXResourcesBuildPhase section */
		0F25CCC11EF7CCC500B801BF /* Resources */ = {
			isa = PBXResourcesBuildPhase;
			buildActionMask = 2147483647;
			files = (
				0F25CCD61EF7CCC500B801BF /* LaunchScreen.storyboard in Resources */,
				0F25CCD31EF7CCC500B801BF /* Assets.xcassets in Resources */,
				0F25CCD11EF7CCC500B801BF /* Main.storyboard in Resources */,
			);
			runOnlyForDeploymentPostprocessing = 0;
		};
/* End PBXResourcesBuildPhase section */

/* Begin PBXSourcesBuildPhase section */
		0F25CCBF1EF7CCC500B801BF /* Sources */ = {
			isa = PBXSourcesBuildPhase;
			buildActionMask = 2147483647;
			files = (
				0F25CCCE1EF7CCC500B801BF /* ViewController.m in Sources */,
				0F25CCCB1EF7CCC500B801BF /* AppDelegate.m in Sources */,
				0F25CCC81EF7CCC500B801BF /* main.m in Sources */,
			);
			runOnlyForDeploymentPostprocessing = 0;
		};
/* End PBXSourcesBuildPhase section */

/* Begin PBXVariantGroup section */
		0F25CCCF1EF7CCC500B801BF /* Main.storyboard */ = {
			isa = PBXVariantGroup;
			children = (
				0F25CCD01EF7CCC500B801BF /* Base */,
			);
			name = Main.storyboard;
			sourceTree = "<group>";
		};
		0F25CCD41EF7CCC500B801BF /* LaunchScreen.storyboard */ = {
			isa = PBXVariantGroup;
			children = (
				0F25CCD51EF7CCC500B801BF /* Base */,
			);
			name = LaunchScreen.storyboard;
			sourceTree = "<group>";
		};
/* End PBXVariantGroup section */

/* Begin XCBuildConfiguration section */
		0F25CCD81EF7CCC500B801BF /* Debug */ = {
			isa = XCBuildConfiguration;
			buildSettings = {
				ALWAYS_SEARCH_USER_PATHS = NO;
				CLANG_ANALYZER_NONNULL = YES;
				CLANG_CXX_LANGUAGE_STANDARD = "gnu++0x";
				CLANG_CXX_LIBRARY = "libc++";
				CLANG_ENABLE_MODULES = YES;
				CLANG_ENABLE_OBJC_ARC = YES;
				CLANG_WARN_BOOL_CONVERSION = YES;
				CLANG_WARN_CONSTANT_CONVERSION = YES;
				CLANG_WARN_DIRECT_OBJC_ISA_USAGE = YES_ERROR;
				CLANG_WARN_DOCUMENTATION_COMMENTS = YES;
				CLANG_WARN_EMPTY_BODY = YES;
				CLANG_WARN_ENUM_CONVERSION = YES;
				CLANG_WARN_INFINITE_RECURSION = YES;
				CLANG_WARN_INT_CONVERSION = YES;
				CLANG_WARN_OBJC_ROOT_CLASS = YES_ERROR;
				CLANG_WARN_SUSPICIOUS_MOVE = YES;
				CLANG_WARN_UNREACHABLE_CODE = YES;
				CLANG_WARN__DUPLICATE_METHOD_MATCH = YES;
				CODE_SIGN_IDENTITY = "iPhone Developer";
				"CODE_SIGN_IDENTITY[sdk=iphoneos*]" = "iPhone Developer";
				COPY_PHASE_STRIP = NO;
				DEBUG_INFORMATION_FORMAT = dwarf;
				ENABLE_STRICT_OBJC_MSGSEND = YES;
				ENABLE_TESTABILITY = YES;
				GCC_C_LANGUAGE_STANDARD = gnu99;
				GCC_DYNAMIC_NO_PIC = NO;
				GCC_NO_COMMON_BLOCKS = YES;
				GCC_OPTIMIZATION_LEVEL = 0;
				GCC_PREPROCESSOR_DEFINITIONS = (
					"DEBUG=1",
					"$(inherited)",
				);
				GCC_WARN_64_TO_32_BIT_CONVERSION = YES;
				GCC_WARN_ABOUT_RETURN_TYPE = YES_ERROR;
				GCC_WARN_UNDECLARED_SELECTOR = YES;
				GCC_WARN_UNINITIALIZED_AUTOS = YES_AGGRESSIVE;
				GCC_WARN_UNUSED_FUNCTION = YES;
				GCC_WARN_UNUSED_VARIABLE = YES;
				IPHONEOS_DEPLOYMENT_TARGET = 10.2;
				MTL_ENABLE_DEBUG_INFO = YES;
				ONLY_ACTIVE_ARCH = YES;
				PROVISIONING_PROFILE = "04afe0aa-1441-46d1-a341-9cfeb0e1b040";
				PROVISIONING_PROFILE_SPECIFIER = "";
				SDKROOT = iphoneos;
			};
			name = Debug;
		};
		0F25CCD91EF7CCC500B801BF /* Release */ = {
			isa = XCBuildConfiguration;
			buildSettings = {
				ALWAYS_SEARCH_USER_PATHS = NO;
				CLANG_ANALYZER_NONNULL = YES;
				CLANG_CXX_LANGUAGE_STANDARD = "gnu++0x";
				CLANG_CXX_LIBRARY = "libc++";
				CLANG_ENABLE_MODULES = YES;
				CLANG_ENABLE_OBJC_ARC = YES;
				CLANG_WARN_BOOL_CONVERSION = YES;
				CLANG_WARN_CONSTANT_CONVERSION = YES;
				CLANG_WARN_DIRECT_OBJC_ISA_USAGE = YES_ERROR;
				CLANG_WARN_DOCUMENTATION_COMMENTS = YES;
				CLANG_WARN_EMPTY_BODY = YES;
				CLANG_WARN_ENUM_CONVERSION = YES;
				CLANG_WARN_INFINITE_RECURSION = YES;
				CLANG_WARN_INT_CONVERSION = YES;
				CLANG_WARN_OBJC_ROOT_CLASS = YES_ERROR;
				CLANG_WARN_SUSPICIOUS_MOVE = YES;
				CLANG_WARN_UNREACHABLE_CODE = YES;
				CLANG_WARN__DUPLICATE_METHOD_MATCH = YES;
				CODE_SIGN_IDENTITY = "iPhone Developer";
				"CODE_SIGN_IDENTITY[sdk=iphoneos*]" = "iPhone Developer";
				COPY_PHASE_STRIP = NO;
				DEBUG_INFORMATION_FORMAT = "dwarf-with-dsym";
				ENABLE_NS_ASSERTIONS = NO;
				ENABLE_STRICT_OBJC_MSGSEND = YES;
				GCC_C_LANGUAGE_STANDARD = gnu99;
				GCC_NO_COMMON_BLOCKS = YES;
				GCC_WARN_64_TO_32_BIT_CONVERSION = YES;
				GCC_WARN_ABOUT_RETURN_TYPE = YES_ERROR;
				GCC_WARN_UNDECLARED_SELECTOR = YES;
				GCC_WARN_UNINITIALIZED_AUTOS = YES_AGGRESSIVE;
				GCC_WARN_UNUSED_FUNCTION = YES;
				GCC_WARN_UNUSED_VARIABLE = YES;
				IPHONEOS_DEPLOYMENT_TARGET = 10.2;
				MTL_ENABLE_DEBUG_INFO = NO;
				PROVISIONING_PROFILE = "04afe0aa-1441-46d1-a341-9cfeb0e1b040";
				PROVISIONING_PROFILE_SPECIFIER = 34WSC8C86D;
				SDKROOT = iphoneos;
				VALIDATE_PRODUCT = YES;
			};
			name = Release;
		};
		0F25CCDB1EF7CCC500B801BF /* Debug */ = {
			isa = XCBuildConfiguration;
			buildSettings = {
				ASSETCATALOG_COMPILER_APPICON_NAME = AppIcon;
				CODE_SIGN_IDENTITY = "iPhone Developer";
				"CODE_SIGN_IDENTITY[sdk=iphoneos*]" = "iPhone Developer";
				DEVELOPMENT_TEAM = D9Y5V6R5LD;
				INFOPLIST_FILE = ModuleJenkinsDemo/Info.plist;
				LD_RUNPATH_SEARCH_PATHS = "$(inherited) @executable_path/Frameworks";
				PRODUCT_BUNDLE_IDENTIFIER = com.daniel.ios.ModuleJenkinsDemo;
				PRODUCT_NAME = "$(TARGET_NAME)";
				PROVISIONING_PROFILE = "";
				PROVISIONING_PROFILE_SPECIFIER = "";
			};
			name = Debug;
		};
		0F25CCDC1EF7CCC500B801BF /* Release */ = {
			isa = XCBuildConfiguration;
			buildSettings = {
				ASSETCATALOG_COMPILER_APPICON_NAME = AppIcon;
				CODE_SIGN_IDENTITY = "iPhone Developer";
				"CODE_SIGN_IDENTITY[sdk=iphoneos*]" = "iPhone Developer";
				DEVELOPMENT_TEAM = D9Y5V6R5LD;
				INFOPLIST_FILE = ModuleJenkinsDemo/Info.plist;
				LD_RUNPATH_SEARCH_PATHS = "$(inherited) @executable_path/Frameworks";
				PRODUCT_BUNDLE_IDENTIFIER = com.daniel.ios.ModuleJenkinsDemo;
				PRODUCT_NAME = "$(TARGET_NAME)";
				PROVISIONING_PROFILE = "";
				PROVISIONING_PROFILE_SPECIFIER = 34WSC8C86D;
			};
			name = Release;
		};
/* End XCBuildConfiguration section */

/* Begin XCConfigurationList section */
		0F25CCBE1EF7CCC500B801BF /* Build configuration list for PBXProject "ModuleJenkinsDemo" */ = {
			isa = XCConfigurationList;
			buildConfigurations = (
				0F25CCD81EF7CCC500B801BF /* Debug */,
				0F25CCD91EF7CCC500B801BF /* Release */,
			);
			defaultConfigurationIsVisible = 0;
			defaultConfigurationName = Release;
		};
		0F25CCDA1EF7CCC500B801BF /* Build configuration list for PBXNativeTarget "ModuleJenkinsDemo" */ = {
			isa = XCConfigurationList;
			buildConfigurations = (
				0F25CCDB1EF7CCC500B801BF /* Debug */,
				0F25CCDC1EF7CCC500B801BF /* Release */,
			);
			defaultConfigurationIsVisible = 0;
			defaultConfigurationName = Release;
		};
/* End XCConfigurationList section */
	};
	rootObject = 0F25CCBB1EF7CCC500B801BF /* Project object */;
}
